// !$*UTF8*$!
{
	archiveVersion = 1;
	classes = {
	};
	objectVersion = 48;
	objects = {

/* Begin PBXBuildFile section */
		6A54BC5C200773BE00E8B75C /* ChatInputView.swift in Sources */ = {isa = PBXBuildFile; fileRef = 6A54BC5B200773BE00E8B75C /* ChatInputView.swift */; };
		6A7D9CF31FFE53D800ED398D /* ChatViewController.swift in Sources */ = {isa = PBXBuildFile; fileRef = 6A7D9CF21FFE53D800ED398D /* ChatViewController.swift */; };
		6A7D9CF51FFE5AED00ED398D /* UIKit+Chat.swift in Sources */ = {isa = PBXBuildFile; fileRef = 6A7D9CF41FFE5AED00ED398D /* UIKit+Chat.swift */; };
		6A7D9CF71FFE69F500ED398D /* MessagesProvider.swift in Sources */ = {isa = PBXBuildFile; fileRef = 6A7D9CF61FFE69F500ED398D /* MessagesProvider.swift */; };
		6AA0758C2004D179005D08E4 /* ChatViewCell.swift in Sources */ = {isa = PBXBuildFile; fileRef = 6AA0758B2004D179005D08E4 /* ChatViewCell.swift */; };
		6AB592D01FFE38B80056479A /* Models.swift in Sources */ = {isa = PBXBuildFile; fileRef = 6AB592CF1FFE38B80056479A /* Models.swift */; };
		6AB592D21FFE3B6C0056479A /* Provider.swift in Sources */ = {isa = PBXBuildFile; fileRef = 6AB592D11FFE3B6C0056479A /* Provider.swift */; };
		6AE686EE2003762F00E5580B /* ChatView.swift in Sources */ = {isa = PBXBuildFile; fileRef = 6AE686ED2003762F00E5580B /* ChatView.swift */; };
		6AE686F02003764600E5580B /* ChatView.xib in Resources */ = {isa = PBXBuildFile; fileRef = 6AE686EF2003764600E5580B /* ChatView.xib */; };
		6AE686F22003780700E5580B /* ChatViewItem.swift in Sources */ = {isa = PBXBuildFile; fileRef = 6AE686F12003780700E5580B /* ChatViewItem.swift */; };
		6AE686F42003782400E5580B /* ChatDataSource.swift in Sources */ = {isa = PBXBuildFile; fileRef = 6AE686F32003782400E5580B /* ChatDataSource.swift */; };
		6AE686F620037BF500E5580B /* ChatViewModel.swift in Sources */ = {isa = PBXBuildFile; fileRef = 6AE686F520037BF500E5580B /* ChatViewModel.swift */; };
		6AE686F82003811E00E5580B /* ChatViewMessageCell.swift in Sources */ = {isa = PBXBuildFile; fileRef = 6AE686F72003811E00E5580B /* ChatViewMessageCell.swift */; };
		6AE686FA2003813100E5580B /* Reusable.swift in Sources */ = {isa = PBXBuildFile; fileRef = 6AE686F92003813100E5580B /* Reusable.swift */; };
		6AE686FD200396EE00E5580B /* ChatViewLoadingCell.swift in Sources */ = {isa = PBXBuildFile; fileRef = 6AE686FC200396EE00E5580B /* ChatViewLoadingCell.swift */; };
		6AE686FF2003995C00E5580B /* ChatViewHeaderCell.swift in Sources */ = {isa = PBXBuildFile; fileRef = 6AE686FE2003995C00E5580B /* ChatViewHeaderCell.swift */; };
		6AE86C991FFE312500DB7C47 /* AppDelegate.swift in Sources */ = {isa = PBXBuildFile; fileRef = 6AE86C981FFE312500DB7C47 /* AppDelegate.swift */; };
		6AE86C9B1FFE312500DB7C47 /* ViewController.swift in Sources */ = {isa = PBXBuildFile; fileRef = 6AE86C9A1FFE312500DB7C47 /* ViewController.swift */; };
		6AE86C9E1FFE312500DB7C47 /* Main.storyboard in Resources */ = {isa = PBXBuildFile; fileRef = 6AE86C9C1FFE312500DB7C47 /* Main.storyboard */; };
		6AE86CA01FFE312500DB7C47 /* Assets.xcassets in Resources */ = {isa = PBXBuildFile; fileRef = 6AE86C9F1FFE312500DB7C47 /* Assets.xcassets */; };
		6AE86CA31FFE312500DB7C47 /* LaunchScreen.storyboard in Resources */ = {isa = PBXBuildFile; fileRef = 6AE86CA11FFE312500DB7C47 /* LaunchScreen.storyboard */; };
		6AE86CAB1FFE315400DB7C47 /* GoogleService-Info.plist in Resources */ = {isa = PBXBuildFile; fileRef = 6AE86CAA1FFE315400DB7C47 /* GoogleService-Info.plist */; };
		7445645F59D893BBBEB7A4A6 /* Pods_UPTechChat.framework in Frameworks */ = {isa = PBXBuildFile; fileRef = D315F5F9E837AC27DC9359E1 /* Pods_UPTechChat.framework */; };
/* End PBXBuildFile section */

/* Begin PBXFileReference section */
		6A54BC5B200773BE00E8B75C /* ChatInputView.swift */ = {isa = PBXFileReference; lastKnownFileType = sourcecode.swift; path = ChatInputView.swift; sourceTree = "<group>"; };
		6A7D9CF21FFE53D800ED398D /* ChatViewController.swift */ = {isa = PBXFileReference; lastKnownFileType = sourcecode.swift; path = ChatViewController.swift; sourceTree = "<group>"; };
		6A7D9CF41FFE5AED00ED398D /* UIKit+Chat.swift */ = {isa = PBXFileReference; lastKnownFileType = sourcecode.swift; path = "UIKit+Chat.swift"; sourceTree = "<group>"; };
		6A7D9CF61FFE69F500ED398D /* MessagesProvider.swift */ = {isa = PBXFileReference; lastKnownFileType = sourcecode.swift; path = MessagesProvider.swift; sourceTree = "<group>"; };
		6AA0758B2004D179005D08E4 /* ChatViewCell.swift */ = {isa = PBXFileReference; lastKnownFileType = sourcecode.swift; path = ChatViewCell.swift; sourceTree = "<group>"; };
		6AB592CF1FFE38B80056479A /* Models.swift */ = {isa = PBXFileReference; lastKnownFileType = sourcecode.swift; path = Models.swift; sourceTree = "<group>"; };
		6AB592D11FFE3B6C0056479A /* Provider.swift */ = {isa = PBXFileReference; lastKnownFileType = sourcecode.swift; path = Provider.swift; sourceTree = "<group>"; };
		6AE686ED2003762F00E5580B /* ChatView.swift */ = {isa = PBXFileReference; lastKnownFileType = sourcecode.swift; path = ChatView.swift; sourceTree = "<group>"; };
		6AE686EF2003764600E5580B /* ChatView.xib */ = {isa = PBXFileReference; lastKnownFileType = file.xib; path = ChatView.xib; sourceTree = "<group>"; };
		6AE686F12003780700E5580B /* ChatViewItem.swift */ = {isa = PBXFileReference; lastKnownFileType = sourcecode.swift; path = ChatViewItem.swift; sourceTree = "<group>"; };
		6AE686F32003782400E5580B /* ChatDataSource.swift */ = {isa = PBXFileReference; lastKnownFileType = sourcecode.swift; path = ChatDataSource.swift; sourceTree = "<group>"; };
		6AE686F520037BF500E5580B /* ChatViewModel.swift */ = {isa = PBXFileReference; lastKnownFileType = sourcecode.swift; path = ChatViewModel.swift; sourceTree = "<group>"; };
		6AE686F72003811E00E5580B /* ChatViewMessageCell.swift */ = {isa = PBXFileReference; lastKnownFileType = sourcecode.swift; path = ChatViewMessageCell.swift; sourceTree = "<group>"; };
		6AE686F92003813100E5580B /* Reusable.swift */ = {isa = PBXFileReference; lastKnownFileType = sourcecode.swift; path = Reusable.swift; sourceTree = "<group>"; };
		6AE686FC200396EE00E5580B /* ChatViewLoadingCell.swift */ = {isa = PBXFileReference; lastKnownFileType = sourcecode.swift; path = ChatViewLoadingCell.swift; sourceTree = "<group>"; };
		6AE686FE2003995C00E5580B /* ChatViewHeaderCell.swift */ = {isa = PBXFileReference; lastKnownFileType = sourcecode.swift; path = ChatViewHeaderCell.swift; sourceTree = "<group>"; };
		6AE86C951FFE312500DB7C47 /* UPTechChat.app */ = {isa = PBXFileReference; explicitFileType = wrapper.application; includeInIndex = 0; path = UPTechChat.app; sourceTree = BUILT_PRODUCTS_DIR; };
		6AE86C981FFE312500DB7C47 /* AppDelegate.swift */ = {isa = PBXFileReference; lastKnownFileType = sourcecode.swift; path = AppDelegate.swift; sourceTree = "<group>"; };
		6AE86C9A1FFE312500DB7C47 /* ViewController.swift */ = {isa = PBXFileReference; lastKnownFileType = sourcecode.swift; path = ViewController.swift; sourceTree = "<group>"; };
		6AE86C9D1FFE312500DB7C47 /* Base */ = {isa = PBXFileReference; lastKnownFileType = file.storyboard; name = Base; path = Base.lproj/Main.storyboard; sourceTree = "<group>"; };
		6AE86C9F1FFE312500DB7C47 /* Assets.xcassets */ = {isa = PBXFileReference; lastKnownFileType = folder.assetcatalog; path = Assets.xcassets; sourceTree = "<group>"; };
		6AE86CA21FFE312500DB7C47 /* Base */ = {isa = PBXFileReference; lastKnownFileType = file.storyboard; name = Base; path = Base.lproj/LaunchScreen.storyboard; sourceTree = "<group>"; };
		6AE86CA41FFE312500DB7C47 /* Info.plist */ = {isa = PBXFileReference; lastKnownFileType = text.plist.xml; path = Info.plist; sourceTree = "<group>"; };
		6AE86CAA1FFE315400DB7C47 /* GoogleService-Info.plist */ = {isa = PBXFileReference; fileEncoding = 4; lastKnownFileType = text.plist.xml; path = "GoogleService-Info.plist"; sourceTree = "<group>"; };
		C690920275F7F82C9C8A4A4D /* Pods-UPTechChat.release.xcconfig */ = {isa = PBXFileReference; includeInIndex = 1; lastKnownFileType = text.xcconfig; name = "Pods-UPTechChat.release.xcconfig"; path = "Pods/Target Support Files/Pods-UPTechChat/Pods-UPTechChat.release.xcconfig"; sourceTree = "<group>"; };
		D315F5F9E837AC27DC9359E1 /* Pods_UPTechChat.framework */ = {isa = PBXFileReference; explicitFileType = wrapper.framework; includeInIndex = 0; path = Pods_UPTechChat.framework; sourceTree = BUILT_PRODUCTS_DIR; };
		FFB10C62F473A7617226DAA0 /* Pods-UPTechChat.debug.xcconfig */ = {isa = PBXFileReference; includeInIndex = 1; lastKnownFileType = text.xcconfig; name = "Pods-UPTechChat.debug.xcconfig"; path = "Pods/Target Support Files/Pods-UPTechChat/Pods-UPTechChat.debug.xcconfig"; sourceTree = "<group>"; };
/* End PBXFileReference section */

/* Begin PBXFrameworksBuildPhase section */
		6AE86C921FFE312500DB7C47 /* Frameworks */ = {
			isa = PBXFrameworksBuildPhase;
			buildActionMask = 2147483647;
			files = (
				7445645F59D893BBBEB7A4A6 /* Pods_UPTechChat.framework in Frameworks */,
			);
			runOnlyForDeploymentPostprocessing = 0;
		};
/* End PBXFrameworksBuildPhase section */

/* Begin PBXGroup section */
		15DD3342E795E96B5748D619 /* Frameworks */ = {
			isa = PBXGroup;
			children = (
				D315F5F9E837AC27DC9359E1 /* Pods_UPTechChat.framework */,
			);
			name = Frameworks;
			sourceTree = "<group>";
		};
		6A7D9CF81FFE69F900ED398D /* Library */ = {
			isa = PBXGroup;
			children = (
				6A7D9CF61FFE69F500ED398D /* MessagesProvider.swift */,
				6AE686F92003813100E5580B /* Reusable.swift */,
			);
			path = Library;
			sourceTree = "<group>";
		};
		6AB592CE1FFE33990056479A /* Sources */ = {
			isa = PBXGroup;
			children = (
				6AE686EC200375E900E5580B /* Chat */,
				6A7D9CF81FFE69F900ED398D /* Library */,
				6AE86C9A1FFE312500DB7C47 /* ViewController.swift */,
				6AB592CF1FFE38B80056479A /* Models.swift */,
				6AB592D11FFE3B6C0056479A /* Provider.swift */,
				6A7D9CF41FFE5AED00ED398D /* UIKit+Chat.swift */,
			);
			path = Sources;
			sourceTree = "<group>";
		};
		6AE686EC200375E900E5580B /* Chat */ = {
			isa = PBXGroup;
			children = (
				6AE686F520037BF500E5580B /* ChatViewModel.swift */,
				6A7D9CF21FFE53D800ED398D /* ChatViewController.swift */,
				6AE686ED2003762F00E5580B /* ChatView.swift */,
				6AE686EF2003764600E5580B /* ChatView.xib */,
				6AE686F12003780700E5580B /* ChatViewItem.swift */,
				6AE686F32003782400E5580B /* ChatDataSource.swift */,
				6AA0758B2004D179005D08E4 /* ChatViewCell.swift */,
				6AE686F72003811E00E5580B /* ChatViewMessageCell.swift */,
				6AE686FC200396EE00E5580B /* ChatViewLoadingCell.swift */,
				6AE686FE2003995C00E5580B /* ChatViewHeaderCell.swift */,
				6A54BC5B200773BE00E8B75C /* ChatInputView.swift */,
			);
			path = Chat;
			sourceTree = "<group>";
		};
		6AE86C8C1FFE312500DB7C47 = {
			isa = PBXGroup;
			children = (
				6AE86C971FFE312500DB7C47 /* UPTechChat */,
				6AE86C961FFE312500DB7C47 /* Products */,
				D4657C2645B08611B8F0807B /* Pods */,
				15DD3342E795E96B5748D619 /* Frameworks */,
			);
			sourceTree = "<group>";
		};
		6AE86C961FFE312500DB7C47 /* Products */ = {
			isa = PBXGroup;
			children = (
				6AE86C951FFE312500DB7C47 /* UPTechChat.app */,
			);
			name = Products;
			sourceTree = "<group>";
		};
		6AE86C971FFE312500DB7C47 /* UPTechChat */ = {
			isa = PBXGroup;
			children = (
				6AE86C981FFE312500DB7C47 /* AppDelegate.swift */,
				6AB592CE1FFE33990056479A /* Sources */,
				6AE86C9C1FFE312500DB7C47 /* Main.storyboard */,
				6AE86C9F1FFE312500DB7C47 /* Assets.xcassets */,
				6AE86CA11FFE312500DB7C47 /* LaunchScreen.storyboard */,
				6AE86CA41FFE312500DB7C47 /* Info.plist */,
				6AE86CAA1FFE315400DB7C47 /* GoogleService-Info.plist */,
			);
			path = UPTechChat;
			sourceTree = "<group>";
		};
		D4657C2645B08611B8F0807B /* Pods */ = {
			isa = PBXGroup;
			children = (
				FFB10C62F473A7617226DAA0 /* Pods-UPTechChat.debug.xcconfig */,
				C690920275F7F82C9C8A4A4D /* Pods-UPTechChat.release.xcconfig */,
			);
			name = Pods;
			sourceTree = "<group>";
		};
/* End PBXGroup section */

/* Begin PBXNativeTarget section */
		6AE86C941FFE312500DB7C47 /* UPTechChat */ = {
			isa = PBXNativeTarget;
			buildConfigurationList = 6AE86CA71FFE312500DB7C47 /* Build configuration list for PBXNativeTarget "UPTechChat" */;
			buildPhases = (
				DE5BE2E87968CCED15433AD0 /* [CP] Check Pods Manifest.lock */,
				6AE86C911FFE312500DB7C47 /* Sources */,
				6AE86C921FFE312500DB7C47 /* Frameworks */,
				6AE86C931FFE312500DB7C47 /* Resources */,
				C831BD0139F7A242856FE67F /* [CP] Embed Pods Frameworks */,
				95AE0DF7330AB82CAD56AD39 /* [CP] Copy Pods Resources */,
			);
			buildRules = (
			);
			dependencies = (
			);
			name = UPTechChat;
			productName = UPTechChat;
			productReference = 6AE86C951FFE312500DB7C47 /* UPTechChat.app */;
			productType = "com.apple.product-type.application";
		};
/* End PBXNativeTarget section */

/* Begin PBXProject section */
		6AE86C8D1FFE312500DB7C47 /* Project object */ = {
			isa = PBXProject;
			attributes = {
				LastSwiftUpdateCheck = 0920;
				LastUpgradeCheck = 0920;
				ORGANIZATIONNAME = uptechteam;
				TargetAttributes = {
					6AE86C941FFE312500DB7C47 = {
						CreatedOnToolsVersion = 9.2;
						ProvisioningStyle = Automatic;
					};
				};
			};
			buildConfigurationList = 6AE86C901FFE312500DB7C47 /* Build configuration list for PBXProject "UPTechChat" */;
			compatibilityVersion = "Xcode 8.0";
			developmentRegion = en;
			hasScannedForEncodings = 0;
			knownRegions = (
				en,
				Base,
			);
			mainGroup = 6AE86C8C1FFE312500DB7C47;
			productRefGroup = 6AE86C961FFE312500DB7C47 /* Products */;
			projectDirPath = "";
			projectRoot = "";
			targets = (
				6AE86C941FFE312500DB7C47 /* UPTechChat */,
			);
		};
/* End PBXProject section */

/* Begin PBXResourcesBuildPhase section */
		6AE86C931FFE312500DB7C47 /* Resources */ = {
			isa = PBXResourcesBuildPhase;
			buildActionMask = 2147483647;
			files = (
				6AE86CA31FFE312500DB7C47 /* LaunchScreen.storyboard in Resources */,
				6AE86CAB1FFE315400DB7C47 /* GoogleService-Info.plist in Resources */,
				6AE686F02003764600E5580B /* ChatView.xib in Resources */,
				6AE86CA01FFE312500DB7C47 /* Assets.xcassets in Resources */,
				6AE86C9E1FFE312500DB7C47 /* Main.storyboard in Resources */,
			);
			runOnlyForDeploymentPostprocessing = 0;
		};
/* End PBXResourcesBuildPhase section */

/* Begin PBXShellScriptBuildPhase section */
		95AE0DF7330AB82CAD56AD39 /* [CP] Copy Pods Resources */ = {
			isa = PBXShellScriptBuildPhase;
			buildActionMask = 2147483647;
			files = (
			);
			inputPaths = (
			);
			name = "[CP] Copy Pods Resources";
			outputPaths = (
			);
			runOnlyForDeploymentPostprocessing = 0;
			shellPath = /bin/sh;
			shellScript = "\"${SRCROOT}/Pods/Target Support Files/Pods-UPTechChat/Pods-UPTechChat-resources.sh\"\n";
			showEnvVarsInLog = 0;
		};
		C831BD0139F7A242856FE67F /* [CP] Embed Pods Frameworks */ = {
			isa = PBXShellScriptBuildPhase;
			buildActionMask = 2147483647;
			files = (
			);
			inputPaths = (
				"${SRCROOT}/Pods/Target Support Files/Pods-UPTechChat/Pods-UPTechChat-frameworks.sh",
				"${BUILT_PRODUCTS_DIR}/Changeset/Changeset.framework",
				"${BUILT_PRODUCTS_DIR}/GoogleToolboxForMac/GoogleToolboxForMac.framework",
				"${BUILT_PRODUCTS_DIR}/ObjectMapper/ObjectMapper.framework",
				"${BUILT_PRODUCTS_DIR}/ReactiveCocoa/ReactiveCocoa.framework",
				"${BUILT_PRODUCTS_DIR}/ReactiveSwift/ReactiveSwift.framework",
				"${BUILT_PRODUCTS_DIR}/Result/Result.framework",
				"${BUILT_PRODUCTS_DIR}/RxCocoa/RxCocoa.framework",
				"${BUILT_PRODUCTS_DIR}/RxSwift/RxSwift.framework",
				"${BUILT_PRODUCTS_DIR}/leveldb-library/leveldb.framework",
				"${BUILT_PRODUCTS_DIR}/nanopb/nanopb.framework",
			);
			name = "[CP] Embed Pods Frameworks";
			outputPaths = (
				"${TARGET_BUILD_DIR}/${FRAMEWORKS_FOLDER_PATH}/Changeset.framework",
				"${TARGET_BUILD_DIR}/${FRAMEWORKS_FOLDER_PATH}/GoogleToolboxForMac.framework",
				"${TARGET_BUILD_DIR}/${FRAMEWORKS_FOLDER_PATH}/ObjectMapper.framework",
				"${TARGET_BUILD_DIR}/${FRAMEWORKS_FOLDER_PATH}/ReactiveCocoa.framework",
				"${TARGET_BUILD_DIR}/${FRAMEWORKS_FOLDER_PATH}/ReactiveSwift.framework",
				"${TARGET_BUILD_DIR}/${FRAMEWORKS_FOLDER_PATH}/Result.framework",
				"${TARGET_BUILD_DIR}/${FRAMEWORKS_FOLDER_PATH}/RxCocoa.framework",
				"${TARGET_BUILD_DIR}/${FRAMEWORKS_FOLDER_PATH}/RxSwift.framework",
				"${TARGET_BUILD_DIR}/${FRAMEWORKS_FOLDER_PATH}/leveldb.framework",
				"${TARGET_BUILD_DIR}/${FRAMEWORKS_FOLDER_PATH}/nanopb.framework",
			);
			runOnlyForDeploymentPostprocessing = 0;
			shellPath = /bin/sh;
			shellScript = "\"${SRCROOT}/Pods/Target Support Files/Pods-UPTechChat/Pods-UPTechChat-frameworks.sh\"\n";
			showEnvVarsInLog = 0;
		};
		DE5BE2E87968CCED15433AD0 /* [CP] Check Pods Manifest.lock */ = {
			isa = PBXShellScriptBuildPhase;
			buildActionMask = 2147483647;
			files = (
			);
			inputPaths = (
				"${PODS_PODFILE_DIR_PATH}/Podfile.lock",
				"${PODS_ROOT}/Manifest.lock",
			);
			name = "[CP] Check Pods Manifest.lock";
			outputPaths = (
				"$(DERIVED_FILE_DIR)/Pods-UPTechChat-checkManifestLockResult.txt",
			);
			runOnlyForDeploymentPostprocessing = 0;
			shellPath = /bin/sh;
			shellScript = "diff \"${PODS_PODFILE_DIR_PATH}/Podfile.lock\" \"${PODS_ROOT}/Manifest.lock\" > /dev/null\nif [ $? != 0 ] ; then\n    # print error to STDERR\n    echo \"error: The sandbox is not in sync with the Podfile.lock. Run 'pod install' or update your CocoaPods installation.\" >&2\n    exit 1\nfi\n# This output is used by Xcode 'outputs' to avoid re-running this script phase.\necho \"SUCCESS\" > \"${SCRIPT_OUTPUT_FILE_0}\"\n";
			showEnvVarsInLog = 0;
		};
/* End PBXShellScriptBuildPhase section */

/* Begin PBXSourcesBuildPhase section */
		6AE86C911FFE312500DB7C47 /* Sources */ = {
			isa = PBXSourcesBuildPhase;
			buildActionMask = 2147483647;
			files = (
				6AB592D21FFE3B6C0056479A /* Provider.swift in Sources */,
				6A7D9CF51FFE5AED00ED398D /* UIKit+Chat.swift in Sources */,
				6AE86C9B1FFE312500DB7C47 /* ViewController.swift in Sources */,
				6AB592D01FFE38B80056479A /* Models.swift in Sources */,
				6AE686FF2003995C00E5580B /* ChatViewHeaderCell.swift in Sources */,
				6AE686F82003811E00E5580B /* ChatViewMessageCell.swift in Sources */,
				6AE686F42003782400E5580B /* ChatDataSource.swift in Sources */,
				6AE686FA2003813100E5580B /* Reusable.swift in Sources */,
				6AA0758C2004D179005D08E4 /* ChatViewCell.swift in Sources */,
				6AE686EE2003762F00E5580B /* ChatView.swift in Sources */,
				6A7D9CF71FFE69F500ED398D /* MessagesProvider.swift in Sources */,
				6AE686FD200396EE00E5580B /* ChatViewLoadingCell.swift in Sources */,
				6A7D9CF31FFE53D800ED398D /* ChatViewController.swift in Sources */,
				6AE86C991FFE312500DB7C47 /* AppDelegate.swift in Sources */,
				6AE686F620037BF500E5580B /* ChatViewModel.swift in Sources */,
				6AE686F22003780700E5580B /* ChatViewItem.swift in Sources */,
				6A54BC5C200773BE00E8B75C /* ChatInputView.swift in Sources */,
			);
			runOnlyForDeploymentPostprocessing = 0;
		};
/* End PBXSourcesBuildPhase section */

/* Begin PBXVariantGroup section */
		6AE86C9C1FFE312500DB7C47 /* Main.storyboard */ = {
			isa = PBXVariantGroup;
			children = (
				6AE86C9D1FFE312500DB7C47 /* Base */,
			);
			name = Main.storyboard;
			sourceTree = "<group>";
		};
		6AE86CA11FFE312500DB7C47 /* LaunchScreen.storyboard */ = {
			isa = PBXVariantGroup;
			children = (
				6AE86CA21FFE312500DB7C47 /* Base */,
			);
			name = LaunchScreen.storyboard;
			sourceTree = "<group>";
		};
/* End PBXVariantGroup section */

/* Begin XCBuildConfiguration section */
		6AE86CA51FFE312500DB7C47 /* Debug */ = {
			isa = XCBuildConfiguration;
			buildSettings = {
				ALWAYS_SEARCH_USER_PATHS = NO;
				CLANG_ANALYZER_NONNULL = YES;
				CLANG_ANALYZER_NUMBER_OBJECT_CONVERSION = YES_AGGRESSIVE;
				CLANG_CXX_LANGUAGE_STANDARD = "gnu++14";
				CLANG_CXX_LIBRARY = "libc++";
				CLANG_ENABLE_MODULES = YES;
				CLANG_ENABLE_OBJC_ARC = YES;
				CLANG_WARN_BLOCK_CAPTURE_AUTORELEASING = YES;
				CLANG_WARN_BOOL_CONVERSION = YES;
				CLANG_WARN_COMMA = YES;
				CLANG_WARN_CONSTANT_CONVERSION = YES;
				CLANG_WARN_DIRECT_OBJC_ISA_USAGE = YES_ERROR;
				CLANG_WARN_DOCUMENTATION_COMMENTS = YES;
				CLANG_WARN_EMPTY_BODY = YES;
				CLANG_WARN_ENUM_CONVERSION = YES;
				CLANG_WARN_INFINITE_RECURSION = YES;
				CLANG_WARN_INT_CONVERSION = YES;
				CLANG_WARN_NON_LITERAL_NULL_CONVERSION = YES;
				CLANG_WARN_OBJC_LITERAL_CONVERSION = YES;
				CLANG_WARN_OBJC_ROOT_CLASS = YES_ERROR;
				CLANG_WARN_RANGE_LOOP_ANALYSIS = YES;
				CLANG_WARN_STRICT_PROTOTYPES = YES;
				CLANG_WARN_SUSPICIOUS_MOVE = YES;
				CLANG_WARN_UNGUARDED_AVAILABILITY = YES_AGGRESSIVE;
				CLANG_WARN_UNREACHABLE_CODE = YES;
				CLANG_WARN__DUPLICATE_METHOD_MATCH = YES;
				CODE_SIGN_IDENTITY = "iPhone Developer";
				COPY_PHASE_STRIP = NO;
				DEBUG_INFORMATION_FORMAT = dwarf;
				ENABLE_STRICT_OBJC_MSGSEND = YES;
				ENABLE_TESTABILITY = YES;
				GCC_C_LANGUAGE_STANDARD = gnu11;
				GCC_DYNAMIC_NO_PIC = NO;
				GCC_NO_COMMON_BLOCKS = YES;
				GCC_OPTIMIZATION_LEVEL = 0;
				GCC_PREPROCESSOR_DEFINITIONS = (
					"DEBUG=1",
					"$(inherited)",
				);
				GCC_WARN_64_TO_32_BIT_CONVERSION = YES;
				GCC_WARN_ABOUT_RETURN_TYPE = YES_ERROR;
				GCC_WARN_UNDECLARED_SELECTOR = YES;
				GCC_WARN_UNINITIALIZED_AUTOS = YES_AGGRESSIVE;
				GCC_WARN_UNUSED_FUNCTION = YES;
				GCC_WARN_UNUSED_VARIABLE = YES;
				IPHONEOS_DEPLOYMENT_TARGET = 11.2;
				MTL_ENABLE_DEBUG_INFO = YES;
				ONLY_ACTIVE_ARCH = YES;
				SDKROOT = iphoneos;
				SWIFT_ACTIVE_COMPILATION_CONDITIONS = DEBUG;
				SWIFT_OPTIMIZATION_LEVEL = "-Onone";
			};
			name = Debug;
		};
		6AE86CA61FFE312500DB7C47 /* Release */ = {
			isa = XCBuildConfiguration;
			buildSettings = {
				ALWAYS_SEARCH_USER_PATHS = NO;
				CLANG_ANALYZER_NONNULL = YES;
				CLANG_ANALYZER_NUMBER_OBJECT_CONVERSION = YES_AGGRESSIVE;
				CLANG_CXX_LANGUAGE_STANDARD = "gnu++14";
				CLANG_CXX_LIBRARY = "libc++";
				CLANG_ENABLE_MODULES = YES;
				CLANG_ENABLE_OBJC_ARC = YES;
				CLANG_WARN_BLOCK_CAPTURE_AUTORELEASING = YES;
				CLANG_WARN_BOOL_CONVERSION = YES;
				CLANG_WARN_COMMA = YES;
				CLANG_WARN_CONSTANT_CONVERSION = YES;
				CLANG_WARN_DIRECT_OBJC_ISA_USAGE = YES_ERROR;
				CLANG_WARN_DOCUMENTATION_COMMENTS = YES;
				CLANG_WARN_EMPTY_BODY = YES;
				CLANG_WARN_ENUM_CONVERSION = YES;
				CLANG_WARN_INFINITE_RECURSION = YES;
				CLANG_WARN_INT_CONVERSION = YES;
				CLANG_WARN_NON_LITERAL_NULL_CONVERSION = YES;
				CLANG_WARN_OBJC_LITERAL_CONVERSION = YES;
				CLANG_WARN_OBJC_ROOT_CLASS = YES_ERROR;
				CLANG_WARN_RANGE_LOOP_ANALYSIS = YES;
				CLANG_WARN_STRICT_PROTOTYPES = YES;
				CLANG_WARN_SUSPICIOUS_MOVE = YES;
				CLANG_WARN_UNGUARDED_AVAILABILITY = YES_AGGRESSIVE;
				CLANG_WARN_UNREACHABLE_CODE = YES;
				CLANG_WARN__DUPLICATE_METHOD_MATCH = YES;
				CODE_SIGN_IDENTITY = "iPhone Developer";
				COPY_PHASE_STRIP = NO;
				DEBUG_INFORMATION_FORMAT = "dwarf-with-dsym";
				ENABLE_NS_ASSERTIONS = NO;
				ENABLE_STRICT_OBJC_MSGSEND = YES;
				GCC_C_LANGUAGE_STANDARD = gnu11;
				GCC_NO_COMMON_BLOCKS = YES;
				GCC_WARN_64_TO_32_BIT_CONVERSION = YES;
				GCC_WARN_ABOUT_RETURN_TYPE = YES_ERROR;
				GCC_WARN_UNDECLARED_SELECTOR = YES;
				GCC_WARN_UNINITIALIZED_AUTOS = YES_AGGRESSIVE;
				GCC_WARN_UNUSED_FUNCTION = YES;
				GCC_WARN_UNUSED_VARIABLE = YES;
				IPHONEOS_DEPLOYMENT_TARGET = 11.2;
				MTL_ENABLE_DEBUG_INFO = NO;
				SDKROOT = iphoneos;
				SWIFT_OPTIMIZATION_LEVEL = "-Owholemodule";
				VALIDATE_PRODUCT = YES;
			};
			name = Release;
		};
		6AE86CA81FFE312500DB7C47 /* Debug */ = {
			isa = XCBuildConfiguration;
			baseConfigurationReference = FFB10C62F473A7617226DAA0 /* Pods-UPTechChat.debug.xcconfig */;
			buildSettings = {
				ASSETCATALOG_COMPILER_APPICON_NAME = AppIcon;
				CODE_SIGN_STYLE = Automatic;
				DEVELOPMENT_TEAM = WXA9R8SW25;
				INFOPLIST_FILE = UPTechChat/Info.plist;
				LD_RUNPATH_SEARCH_PATHS = "$(inherited) @executable_path/Frameworks";
				PRODUCT_BUNDLE_IDENTIFIER = com.uptechteam.UPTechChat1;
				PRODUCT_NAME = "$(TARGET_NAME)";
				SWIFT_VERSION = 4.0;
				TARGETED_DEVICE_FAMILY = "1,2";
			};
			name = Debug;
		};
		6AE86CA91FFE312500DB7C47 /* Release */ = {
			isa = XCBuildConfiguration;
			baseConfigurationReference = C690920275F7F82C9C8A4A4D /* Pods-UPTechChat.release.xcconfig */;
			buildSettings = {
				ASSETCATALOG_COMPILER_APPICON_NAME = AppIcon;
				CODE_SIGN_STYLE = Automatic;
				DEVELOPMENT_TEAM = WXA9R8SW25;
				INFOPLIST_FILE = UPTechChat/Info.plist;
				LD_RUNPATH_SEARCH_PATHS = "$(inherited) @executable_path/Frameworks";
				PRODUCT_BUNDLE_IDENTIFIER = com.uptechteam.UPTechChat1;
				PRODUCT_NAME = "$(TARGET_NAME)";
				SWIFT_VERSION = 4.0;
				TARGETED_DEVICE_FAMILY = "1,2";
			};
			name = Release;
		};
/* End XCBuildConfiguration section */

/* Begin XCConfigurationList section */
		6AE86C901FFE312500DB7C47 /* Build configuration list for PBXProject "UPTechChat" */ = {
			isa = XCConfigurationList;
			buildConfigurations = (
				6AE86CA51FFE312500DB7C47 /* Debug */,
				6AE86CA61FFE312500DB7C47 /* Release */,
			);
			defaultConfigurationIsVisible = 0;
			defaultConfigurationName = Release;
		};
		6AE86CA71FFE312500DB7C47 /* Build configuration list for PBXNativeTarget "UPTechChat" */ = {
			isa = XCConfigurationList;
			buildConfigurations = (
				6AE86CA81FFE312500DB7C47 /* Debug */,
				6AE86CA91FFE312500DB7C47 /* Release */,
			);
			defaultConfigurationIsVisible = 0;
			defaultConfigurationName = Release;
		};
/* End XCConfigurationList section */
	};
	rootObject = 6AE86C8D1FFE312500DB7C47 /* Project object */;
}
