// !$*UTF8*$!
{
	archiveVersion = 1;
	classes = {
	};
	objectVersion = 48;
	objects = {

/* Begin PBXBuildFile section */
		6AE86C991FFE312500DB7C47 /* AppDelegate.swift in Sources */ = {isa = PBXBuildFile; fileRef = 6AE86C981FFE312500DB7C47 /* AppDelegate.swift */; };
		6AE86C9B1FFE312500DB7C47 /* ViewController.swift in Sources */ = {isa = PBXBuildFile; fileRef = 6AE86C9A1FFE312500DB7C47 /* ViewController.swift */; };
		6AE86C9E1FFE312500DB7C47 /* Main.storyboard in Resources */ = {isa = PBXBuildFile; fileRef = 6AE86C9C1FFE312500DB7C47 /* Main.storyboard */; };
		6AE86CA01FFE312500DB7C47 /* Assets.xcassets in Resources */ = {isa = PBXBuildFile; fileRef = 6AE86C9F1FFE312500DB7C47 /* Assets.xcassets */; };
		6AE86CA31FFE312500DB7C47 /* LaunchScreen.storyboard in Resources */ = {isa = PBXBuildFile; fileRef = 6AE86CA11FFE312500DB7C47 /* LaunchScreen.storyboard */; };
/* End PBXBuildFile section */

/* Begin PBXFileReference section */
		6AE86C951FFE312500DB7C47 /* UPTechChat.app */ = {isa = PBXFileReference; explicitFileType = wrapper.application; includeInIndex = 0; path = UPTechChat.app; sourceTree = BUILT_PRODUCTS_DIR; };
		6AE86C981FFE312500DB7C47 /* AppDelegate.swift */ = {isa = PBXFileReference; lastKnownFileType = sourcecode.swift; path = AppDelegate.swift; sourceTree = "<group>"; };
		6AE86C9A1FFE312500DB7C47 /* ViewController.swift */ = {isa = PBXFileReference; lastKnownFileType = sourcecode.swift; path = ViewController.swift; sourceTree = "<group>"; };
		6AE86C9D1FFE312500DB7C47 /* Base */ = {isa = PBXFileReference; lastKnownFileType = file.storyboard; name = Base; path = Base.lproj/Main.storyboard; sourceTree = "<group>"; };
		6AE86C9F1FFE312500DB7C47 /* Assets.xcassets */ = {isa = PBXFileReference; lastKnownFileType = folder.assetcatalog; path = Assets.xcassets; sourceTree = "<group>"; };
		6AE86CA21FFE312500DB7C47 /* Base */ = {isa = PBXFileReference; lastKnownFileType = file.storyboard; name = Base; path = Base.lproj/LaunchScreen.storyboard; sourceTree = "<group>"; };
		6AE86CA41FFE312500DB7C47 /* Info.plist */ = {isa = PBXFileReference; lastKnownFileType = text.plist.xml; path = Info.plist; sourceTree = "<group>"; };
/* End PBXFileReference section */

/* Begin PBXFrameworksBuildPhase section */
		6AE86C921FFE312500DB7C47 /* Frameworks */ = {
			isa = PBXFrameworksBuildPhase;
			buildActionMask = 2147483647;
			files = (
			);
			runOnlyForDeploymentPostprocessing = 0;
		};
/* End PBXFrameworksBuildPhase section */

/* Begin PBXGroup section */
		6AE86C8C1FFE312500DB7C47 = {
			isa = PBXGroup;
			children = (
				6AE86C971FFE312500DB7C47 /* UPTechChat */,
				6AE86C961FFE312500DB7C47 /* Products */,
			);
			sourceTree = "<group>";
		};
		6AE86C961FFE312500DB7C47 /* Products */ = {
			isa = PBXGroup;
			children = (
				6AE86C951FFE312500DB7C47 /* UPTechChat.app */,
			);
			name = Products;
			sourceTree = "<group>";
		};
		6AE86C971FFE312500DB7C47 /* UPTechChat */ = {
			isa = PBXGroup;
			children = (
				6AE86C981FFE312500DB7C47 /* AppDelegate.swift */,
				6AE86C9A1FFE312500DB7C47 /* ViewController.swift */,
				6AE86C9C1FFE312500DB7C47 /* Main.storyboard */,
				6AE86C9F1FFE312500DB7C47 /* Assets.xcassets */,
				6AE86CA11FFE312500DB7C47 /* LaunchScreen.storyboard */,
				6AE86CA41FFE312500DB7C47 /* Info.plist */,
			);
			path = UPTechChat;
			sourceTree = "<group>";
		};
/* End PBXGroup section */

/* Begin PBXNativeTarget section */
		6AE86C941FFE312500DB7C47 /* UPTechChat */ = {
			isa = PBXNativeTarget;
			buildConfigurationList = 6AE86CA71FFE312500DB7C47 /* Build configuration list for PBXNativeTarget "UPTechChat" */;
			buildPhases = (
				6AE86C911FFE312500DB7C47 /* Sources */,
				6AE86C921FFE312500DB7C47 /* Frameworks */,
				6AE86C931FFE312500DB7C47 /* Resources */,
			);
			buildRules = (
			);
			dependencies = (
			);
			name = UPTechChat;
			productName = UPTechChat;
			productReference = 6AE86C951FFE312500DB7C47 /* UPTechChat.app */;
			productType = "com.apple.product-type.application";
		};
/* End PBXNativeTarget section */

/* Begin PBXProject section */
		6AE86C8D1FFE312500DB7C47 /* Project object */ = {
			isa = PBXProject;
			attributes = {
				LastSwiftUpdateCheck = 0920;
				LastUpgradeCheck = 0920;
				ORGANIZATIONNAME = upteachteam;
				TargetAttributes = {
					6AE86C941FFE312500DB7C47 = {
						CreatedOnToolsVersion = 9.2;
						ProvisioningStyle = Automatic;
					};
				};
			};
			buildConfigurationList = 6AE86C901FFE312500DB7C47 /* Build configuration list for PBXProject "UPTechChat" */;
			compatibilityVersion = "Xcode 8.0";
			developmentRegion = en;
			hasScannedForEncodings = 0;
			knownRegions = (
				en,
				Base,
			);
			mainGroup = 6AE86C8C1FFE312500DB7C47;
			productRefGroup = 6AE86C961FFE312500DB7C47 /* Products */;
			projectDirPath = "";
			projectRoot = "";
			targets = (
				6AE86C941FFE312500DB7C47 /* UPTechChat */,
			);
		};
/* End PBXProject section */

/* Begin PBXResourcesBuildPhase section */
		6AE86C931FFE312500DB7C47 /* Resources */ = {
			isa = PBXResourcesBuildPhase;
			buildActionMask = 2147483647;
			files = (
				6AE86CA31FFE312500DB7C47 /* LaunchScreen.storyboard in Resources */,
				6AE86CA01FFE312500DB7C47 /* Assets.xcassets in Resources */,
				6AE86C9E1FFE312500DB7C47 /* Main.storyboard in Resources */,
			);
			runOnlyForDeploymentPostprocessing = 0;
		};
/* End PBXResourcesBuildPhase section */

/* Begin PBXSourcesBuildPhase section */
		6AE86C911FFE312500DB7C47 /* Sources */ = {
			isa = PBXSourcesBuildPhase;
			buildActionMask = 2147483647;
			files = (
				6AE86C9B1FFE312500DB7C47 /* ViewController.swift in Sources */,
				6AE86C991FFE312500DB7C47 /* AppDelegate.swift in Sources */,
			);
			runOnlyForDeploymentPostprocessing = 0;
		};
/* End PBXSourcesBuildPhase section */

/* Begin PBXVariantGroup section */
		6AE86C9C1FFE312500DB7C47 /* Main.storyboard */ = {
			isa = PBXVariantGroup;
			children = (
				6AE86C9D1FFE312500DB7C47 /* Base */,
			);
			name = Main.storyboard;
			sourceTree = "<group>";
		};
		6AE86CA11FFE312500DB7C47 /* LaunchScreen.storyboard */ = {
			isa = PBXVariantGroup;
			children = (
				6AE86CA21FFE312500DB7C47 /* Base */,
			);
			name = LaunchScreen.storyboard;
			sourceTree = "<group>";
		};
/* End PBXVariantGroup section */

/* Begin XCBuildConfiguration section */
		6AE86CA51FFE312500DB7C47 /* Debug */ = {
			isa = XCBuildConfiguration;
			buildSettings = {
				ALWAYS_SEARCH_USER_PATHS = NO;
				CLANG_ANALYZER_NONNULL = YES;
				CLANG_ANALYZER_NUMBER_OBJECT_CONVERSION = YES_AGGRESSIVE;
				CLANG_CXX_LANGUAGE_STANDARD = "gnu++14";
				CLANG_CXX_LIBRARY = "libc++";
				CLANG_ENABLE_MODULES = YES;
				CLANG_ENABLE_OBJC_ARC = YES;
				CLANG_WARN_BLOCK_CAPTURE_AUTORELEASING = YES;
				CLANG_WARN_BOOL_CONVERSION = YES;
				CLANG_WARN_COMMA = YES;
				CLANG_WARN_CONSTANT_CONVERSION = YES;
				CLANG_WARN_DIRECT_OBJC_ISA_USAGE = YES_ERROR;
				CLANG_WARN_DOCUMENTATION_COMMENTS = YES;
				CLANG_WARN_EMPTY_BODY = YES;
				CLANG_WARN_ENUM_CONVERSION = YES;
				CLANG_WARN_INFINITE_RECURSION = YES;
				CLANG_WARN_INT_CONVERSION = YES;
				CLANG_WARN_NON_LITERAL_NULL_CONVERSION = YES;
				CLANG_WARN_OBJC_LITERAL_CONVERSION = YES;
				CLANG_WARN_OBJC_ROOT_CLASS = YES_ERROR;
				CLANG_WARN_RANGE_LOOP_ANALYSIS = YES;
				CLANG_WARN_STRICT_PROTOTYPES = YES;
				CLANG_WARN_SUSPICIOUS_MOVE = YES;
				CLANG_WARN_UNGUARDED_AVAILABILITY = YES_AGGRESSIVE;
				CLANG_WARN_UNREACHABLE_CODE = YES;
				CLANG_WARN__DUPLICATE_METHOD_MATCH = YES;
				CODE_SIGN_IDENTITY = "iPhone Developer";
				COPY_PHASE_STRIP = NO;
				DEBUG_INFORMATION_FORMAT = dwarf;
				ENABLE_STRICT_OBJC_MSGSEND = YES;
				ENABLE_TESTABILITY = YES;
				GCC_C_LANGUAGE_STANDARD = gnu11;
				GCC_DYNAMIC_NO_PIC = NO;
				GCC_NO_COMMON_BLOCKS = YES;
				GCC_OPTIMIZATION_LEVEL = 0;
				GCC_PREPROCESSOR_DEFINITIONS = (
					"DEBUG=1",
					"$(inherited)",
				);
				GCC_WARN_64_TO_32_BIT_CONVERSION = YES;
				GCC_WARN_ABOUT_RETURN_TYPE = YES_ERROR;
				GCC_WARN_UNDECLARED_SELECTOR = YES;
				GCC_WARN_UNINITIALIZED_AUTOS = YES_AGGRESSIVE;
				GCC_WARN_UNUSED_FUNCTION = YES;
				GCC_WARN_UNUSED_VARIABLE = YES;
				IPHONEOS_DEPLOYMENT_TARGET = 11.2;
				MTL_ENABLE_DEBUG_INFO = YES;
				ONLY_ACTIVE_ARCH = YES;
				SDKROOT = iphoneos;
				SWIFT_ACTIVE_COMPILATION_CONDITIONS = DEBUG;
				SWIFT_OPTIMIZATION_LEVEL = "-Onone";
			};
			name = Debug;
		};
		6AE86CA61FFE312500DB7C47 /* Release */ = {
			isa = XCBuildConfiguration;
			buildSettings = {
				ALWAYS_SEARCH_USER_PATHS = NO;
				CLANG_ANALYZER_NONNULL = YES;
				CLANG_ANALYZER_NUMBER_OBJECT_CONVERSION = YES_AGGRESSIVE;
				CLANG_CXX_LANGUAGE_STANDARD = "gnu++14";
				CLANG_CXX_LIBRARY = "libc++";
				CLANG_ENABLE_MODULES = YES;
				CLANG_ENABLE_OBJC_ARC = YES;
				CLANG_WARN_BLOCK_CAPTURE_AUTORELEASING = YES;
				CLANG_WARN_BOOL_CONVERSION = YES;
				CLANG_WARN_COMMA = YES;
				CLANG_WARN_CONSTANT_CONVERSION = YES;
				CLANG_WARN_DIRECT_OBJC_ISA_USAGE = YES_ERROR;
				CLANG_WARN_DOCUMENTATION_COMMENTS = YES;
				CLANG_WARN_EMPTY_BODY = YES;
				CLANG_WARN_ENUM_CONVERSION = YES;
				CLANG_WARN_INFINITE_RECURSION = YES;
				CLANG_WARN_INT_CONVERSION = YES;
				CLANG_WARN_NON_LITERAL_NULL_CONVERSION = YES;
				CLANG_WARN_OBJC_LITERAL_CONVERSION = YES;
				CLANG_WARN_OBJC_ROOT_CLASS = YES_ERROR;
				CLANG_WARN_RANGE_LOOP_ANALYSIS = YES;
				CLANG_WARN_STRICT_PROTOTYPES = YES;
				CLANG_WARN_SUSPICIOUS_MOVE = YES;
				CLANG_WARN_UNGUARDED_AVAILABILITY = YES_AGGRESSIVE;
				CLANG_WARN_UNREACHABLE_CODE = YES;
				CLANG_WARN__DUPLICATE_METHOD_MATCH = YES;
				CODE_SIGN_IDENTITY = "iPhone Developer";
				COPY_PHASE_STRIP = NO;
				DEBUG_INFORMATION_FORMAT = "dwarf-with-dsym";
				ENABLE_NS_ASSERTIONS = NO;
				ENABLE_STRICT_OBJC_MSGSEND = YES;
				GCC_C_LANGUAGE_STANDARD = gnu11;
				GCC_NO_COMMON_BLOCKS = YES;
				GCC_WARN_64_TO_32_BIT_CONVERSION = YES;
				GCC_WARN_ABOUT_RETURN_TYPE = YES_ERROR;
				GCC_WARN_UNDECLARED_SELECTOR = YES;
				GCC_WARN_UNINITIALIZED_AUTOS = YES_AGGRESSIVE;
				GCC_WARN_UNUSED_FUNCTION = YES;
				GCC_WARN_UNUSED_VARIABLE = YES;
				IPHONEOS_DEPLOYMENT_TARGET = 11.2;
				MTL_ENABLE_DEBUG_INFO = NO;
				SDKROOT = iphoneos;
				SWIFT_OPTIMIZATION_LEVEL = "-Owholemodule";
				VALIDATE_PRODUCT = YES;
			};
			name = Release;
		};
		6AE86CA81FFE312500DB7C47 /* Debug */ = {
			isa = XCBuildConfiguration;
			buildSettings = {
				ASSETCATALOG_COMPILER_APPICON_NAME = AppIcon;
				CODE_SIGN_STYLE = Automatic;
				DEVELOPMENT_TEAM = ESG9RMF2GN;
				INFOPLIST_FILE = UPTechChat/Info.plist;
				LD_RUNPATH_SEARCH_PATHS = "$(inherited) @executable_path/Frameworks";
				PRODUCT_BUNDLE_IDENTIFIER = com.uptechteam.UPTechChat;
				PRODUCT_NAME = "$(TARGET_NAME)";
				SWIFT_VERSION = 4.0;
				TARGETED_DEVICE_FAMILY = "1,2";
			};
			name = Debug;
		};
		6AE86CA91FFE312500DB7C47 /* Release */ = {
			isa = XCBuildConfiguration;
			buildSettings = {
				ASSETCATALOG_COMPILER_APPICON_NAME = AppIcon;
				CODE_SIGN_STYLE = Automatic;
				DEVELOPMENT_TEAM = ESG9RMF2GN;
				INFOPLIST_FILE = UPTechChat/Info.plist;
				LD_RUNPATH_SEARCH_PATHS = "$(inherited) @executable_path/Frameworks";
				PRODUCT_BUNDLE_IDENTIFIER = com.uptechteam.UPTechChat;
				PRODUCT_NAME = "$(TARGET_NAME)";
				SWIFT_VERSION = 4.0;
				TARGETED_DEVICE_FAMILY = "1,2";
			};
			name = Release;
		};
/* End XCBuildConfiguration section */

/* Begin XCConfigurationList section */
		6AE86C901FFE312500DB7C47 /* Build configuration list for PBXProject "UPTechChat" */ = {
			isa = XCConfigurationList;
			buildConfigurations = (
				6AE86CA51FFE312500DB7C47 /* Debug */,
				6AE86CA61FFE312500DB7C47 /* Release */,
			);
			defaultConfigurationIsVisible = 0;
			defaultConfigurationName = Release;
		};
		6AE86CA71FFE312500DB7C47 /* Build configuration list for PBXNativeTarget "UPTechChat" */ = {
			isa = XCConfigurationList;
			buildConfigurations = (
				6AE86CA81FFE312500DB7C47 /* Debug */,
				6AE86CA91FFE312500DB7C47 /* Release */,
			);
			defaultConfigurationIsVisible = 0;
			defaultConfigurationName = Release;
		};
/* End XCConfigurationList section */
	};
	rootObject = 6AE86C8D1FFE312500DB7C47 /* Project object */;
}
